
Microsoft Visual Studio Solution File, Format Version 12.00
# Visual Studio Version 17
VisualStudioVersion = 17.4.33103.184
MinimumVisualStudioVersion = 10.0.40219.1
Project("{FAE04EC0-301F-11D3-BF4B-00C04F79EFBC}") = "SmartSchool.Api", "SmartSchool.Api.csproj", "{2A9F89CD-F408-4AD9-988D-B243173942DD}"
EndProject
Project("{FAE04EC0-301F-11D3-BF4B-00C04F79EFBC}") = "JWT", "..\JWT\JWT.csproj", "{898235E4-E851-40E7-A867-1DCD6D34CA3F}"
EndProject
Project("{FAE04EC0-301F-11D3-BF4B-00C04F79EFBC}") = "SmartSchool.BL", "..\SmartSchool.BL\SmartSchool.BL.csproj", "{4B7C8099-FAD9-47A2-AA4D-CC8955814AC4}"
EndProject
Project("{FAE04EC0-301F-11D3-BF4B-00C04F79EFBC}") = "SmartSchool.DAL", "..\SmartSchool.DAL\SmartSchool.DAL.csproj", "{4B0FA8C7-1359-40C9-B331-BA009ABCC16D}"
EndProject
Global
	GlobalSection(SolutionConfigurationPlatforms) = preSolution
		Debug|Any CPU = Debug|Any CPU
		Release|Any CPU = Release|Any CPU
	EndGlobalSection
	GlobalSection(ProjectConfigurationPlatforms) = postSolution
		{2A9F89CD-F408-4AD9-988D-B243173942DD}.Debug|Any CPU.ActiveCfg = Debug|Any CPU
		{2A9F89CD-F408-4AD9-988D-B243173942DD}.Debug|Any CPU.Build.0 = Debug|Any CPU
		{2A9F89CD-F408-4AD9-988D-B243173942DD}.Release|Any CPU.ActiveCfg = Release|Any CPU
		{2A9F89CD-F408-4AD9-988D-B243173942DD}.Release|Any CPU.Build.0 = Release|Any CPU
		{898235E4-E851-40E7-A867-1DCD6D34CA3F}.Debug|Any CPU.ActiveCfg = Debug|Any CPU
		{898235E4-E851-40E7-A867-1DCD6D34CA3F}.Debug|Any CPU.Build.0 = Debug|Any CPU
		{898235E4-E851-40E7-A867-1DCD6D34CA3F}.Release|Any CPU.ActiveCfg = Release|Any CPU
		{898235E4-E851-40E7-A867-1DCD6D34CA3F}.Release|Any CPU.Build.0 = Release|Any CPU
		{4B7C8099-FAD9-47A2-AA4D-CC8955814AC4}.Debug|Any CPU.ActiveCfg = Debug|Any CPU
		{4B7C8099-FAD9-47A2-AA4D-CC8955814AC4}.Debug|Any CPU.Build.0 = Debug|Any CPU
		{4B7C8099-FAD9-47A2-AA4D-CC8955814AC4}.Release|Any CPU.ActiveCfg = Release|Any CPU
		{4B7C8099-FAD9-47A2-AA4D-CC8955814AC4}.Release|Any CPU.Build.0 = Release|Any CPU
		{4B0FA8C7-1359-40C9-B331-BA009ABCC16D}.Debug|Any CPU.ActiveCfg = Debug|Any CPU
		{4B0FA8C7-1359-40C9-B331-BA009ABCC16D}.Debug|Any CPU.Build.0 = Debug|Any CPU
		{4B0FA8C7-1359-40C9-B331-BA009ABCC16D}.Release|Any CPU.ActiveCfg = Release|Any CPU
		{4B0FA8C7-1359-40C9-B331-BA009ABCC16D}.Release|Any CPU.Build.0 = Release|Any CPU
	EndGlobalSection
	GlobalSection(SolutionProperties) = preSolution
		HideSolutionNode = FALSE
	EndGlobalSection
	GlobalSection(ExtensibilityGlobals) = postSolution
		SolutionGuid = {B78EF1E2-37EA-4AC6-AB95-9C4373D311E0}
	EndGlobalSection
EndGlobal
